%{
  "abnf_parsec": {:hex, :abnf_parsec, "2.1.0", "c4e88d5d089f1698297c0daced12be1fb404e6e577ecf261313ebba5477941f9", [:mix], [{:nimble_parsec, "~> 1.4", [hex: :nimble_parsec, repo: "hexpm", optional: false]}], "hexpm", "e0ed6290c7cc7e5020c006d1003520390c9bdd20f7c3f776bd49bfe3c5cd362a"},
  "acceptor_pool": {:hex, :acceptor_pool, "1.0.1", "d88c2e8a0be9216cf513fbcd3e5a4beb36bee3ff4168e85d6152c6f899359cdb", [:rebar3], [], "hexpm", "f172f3d74513e8edd445c257d596fc84dbdd56d2c6fa287434269648ae5a421e"},
  "bandit": {:hex, :bandit, "1.12.5", "af205a8e550f304caae09a97d29fd3c79a7f337526ea7cd772d2ff11d2f7c800", [:mix], [{:hpax, "~> 1.0", [hex: :hpax, repo: "hexpm", optional: false]}, {:plug, "~> 1.18", [hex: :plug, repo: "hexpm", optional: false]}, {:telemetry, "~> 0.4 or ~> 1.0", [hex: :telemetry, repo: "hexpm", optional: false]}, {:thousand_island, "~> 1.5", [hex: :thousand_island, repo: "hexpm", optional: false]}, {:websock, "~> 0.5", [hex: :websock, repo: "hexpm", optional: false]}], "hexpm", "c5684ca062fa407cac115aec3256383f3e2ec9fdced7904d59cf5a7bb7ed6181"},
  "bcrypt_elixir": {:hex, :bcrypt_elixir, "3.3.2", "d50091e3c9492d73e17fc1e1619a9b09d6a5ef99160eb4d736926fd475a16ca3", [:make, :mix], [{:comeonin, "~> 5.3", [hex: :comeonin, repo: "hexpm", optional: false]}, {:elixir_make, "~> 0.6", [hex: :elixir_make, repo: "hexpm", optional: false]}], "hexpm", "471be5151874ae7931911057d1467d908955f93554f7a6cd1b7d804cac8cef53"},
  "bunt": {:hex, :bunt, "1.0.0", "081c2c665f086849e6d57900292b3a161727ab40431219529f13c4ddcf3e7a44", [:mix], [], "hexpm", "dc5f86aa08a5f6fa6b8096f0735c4e76d54ae5c9fa2c143e5a1fc7c1cd9bb6b5"},
  "castore": {:hex, :castore, "1.0.21", "0a0e8330dc267a40a3b7ad86d39302764bb71758172904e6a59d5ad6443ce307", [:mix], [], "hexpm", "e42e22723e25dbd46876d056a03f685513d6e98f6b5e555dc551321decd76c5c"},
  "cc_precompiler": {:hex, :cc_precompiler, "0.1.11", "8c844d0b9fb98a3edea067f94f616b3f6b29b959b6b3bf25fee94ffe34364768", [:mix], [{:elixir_make, "~> 0.7", [hex: :elixir_make, repo: "hexpm", optional: false]}], "hexpm", "3427232caf0835f94680e5bcf082408a70b48ad68a5f5c0b02a3bea9f3a075b9"},
  "certifi": {:hex, :certifi, "2.17.0", "835748414307e15e05b17d0e518190228ce648b08d569a5cc93a85a40f3e5c9b", [:rebar3], [], "hexpm", "8122798a17f0293c80daada25d0f81c7f4d708c73fef782c7c9b1950e26e4d21"},
  "chatterbox": {:hex, :ts_chatterbox, "0.15.1", "5cac4d15dd7ad61fc3c4415ce4826fc563d4643dee897a558ec4ea0b1c835c9c", [:rebar3], [{:hpack, "~> 0.3.0", [hex: :hpack_erl, repo: "hexpm", optional: false]}], "hexpm", "4f75b91451338bc0da5f52f3480fa6ef6e3a2aeecfc33686d6b3d0a0948f31aa"},
  "comeonin": {:hex, :comeonin, "5.5.1", "5113e5f3800799787de08a6e0db307133850e635d34e9fab23c70b6501669510", [:mix], [], "hexpm", "65aac8f19938145377cee73973f192c5645873dcf550a8a6b18187d17c13ccdb"},
  "cowboy": {:hex, :cowboy, "2.16.1", "fa04080b602ff25c40a7700f2dc0152dbc1ba26b42093ae0fa9bb7a337d5a242", [:make, :rebar3], [{:cowlib, ">= 2.16.0 and < 3.0.0", [hex: :cowlib, repo: "hexpm", optional: false]}, {:ranch, ">= 1.8.0 and < 3.0.0", [hex: :ranch, repo: "hexpm", optional: false]}], "hexpm", "b8ea4dd317a043e3177ec840cfa3bcb47cfb41035d3abb24d954dc7d51def399"},
  "cowlib": {:hex, :cowlib, "2.17.1", "3e6053016d1ab245730f0af688755476dcedb1c25ed8fb5751f59a2bfdc0c9af", [:make, :rebar3], [], "hexpm", "ff08bd17e6dd931445b18af77315b9b5fe052407110964ad2588c686b57b5e3f"},
  "credo": {:hex, :credo, "1.7.19", "cc52129665fc7c15143d47838fda0f9cd6dac9ceced7bf4da6f85fcbfe64b12a", [:mix], [{:bunt, "~> 0.2.1 or ~> 1.0", [hex: :bunt, repo: "hexpm", optional: false]}, {:file_system, "~> 0.2 or ~> 1.0", [hex: :file_system, repo: "hexpm", optional: false]}, {:jason, "~> 1.0", [hex: :jason, repo: "hexpm", optional: false]}], "hexpm", "2d8bc95d5a7bb99dd2613621d4f08c6a3575c3fd4b62e6a2b48a100352a557b8"},
  "ctx": {:hex, :ctx, "0.6.0", "8ff88b70e6400c4df90142e7f130625b82086077a45364a78d208ed3ed53c7fe", [:rebar3], [], "hexpm", "a14ed2d1b67723dbebbe423b28d7615eb0bdcba6ff28f2d1f1b0a7e1d4aa5fc2"},
  "db_connection": {:hex, :db_connection, "2.10.2", "ae391e803a5adff104da913c2fc1c0c14a37f8b10001dcef568796e1fb7bf95c", [:mix], [{:telemetry, "~> 0.4 or ~> 1.0", [hex: :telemetry, repo: "hexpm", optional: false]}], "hexpm", "510b14482330f1af6490a2fa0efd8d4f1435d1529b165647df22ac0f2df0fa93"},
  "decimal": {:hex, :decimal, "3.1.1", "430d87b04011ce6cbd4fd205be758311a81f87d552d40904abd00f015935b1d0", [:mix], [], "hexpm", "c5f25f2ced74a0587d03e6023f595db8e924c9d3922c8c8ffd9edfc4498cf1f6"},
  "dns_cluster": {:hex, :dns_cluster, "0.2.0", "aa8eb46e3bd0326bd67b84790c561733b25c5ba2fe3c7e36f28e88f384ebcb33", [:mix], [], "hexpm", "ba6f1893411c69c01b9e8e8f772062535a4cf70f3f35bcc964a324078d8c8240"},
  "ecto": {:hex, :ecto, "3.14.2", "99db28a864293a789c970651de711e3cae184291e0e7ea1166c54055ac41c1f3", [:mix], [{:decimal, "~> 3.0", [hex: :decimal, repo: "hexpm", optional: false]}, {:jason, "~> 1.0", [hex: :jason, repo: "hexpm", optional: true]}, {:telemetry, "~> 0.4 or ~> 1.0", [hex: :telemetry, repo: "hexpm", optional: false]}], "hexpm", "25d60b8c816a07d19d85b80bdf60978bd8b102209dda198d768cd7c6745339a6"},
  "ecto_psql_extras": {:hex, :ecto_psql_extras, "0.8.8", "aa02529c97f69aed5722899f5dc6360128735a92dd169f23c5d50b1f7fdede08", [:mix], [{:ecto_sql, "~> 3.7", [hex: :ecto_sql, repo: "hexpm", optional: false]}, {:postgrex, "> 0.16.0", [hex: :postgrex, repo: "hexpm", optional: false]}, {:table_rex, "~> 3.1.1 or ~> 4.0", [hex: :table_rex, repo: "hexpm", optional: false]}], "hexpm", "04c63d92b141723ad6fed2e60a4b461ca00b3594d16df47bbc48f1f4534f2c49"},
  "ecto_sql": {:hex, :ecto_sql, "3.14.0", "06446ab8410d2f85bfbb80857ee224ab3b693700cbb38f6535d507449a627b2e", [:mix], [{:db_connection, "~> 2.9", [hex: :db_connection, repo: "hexpm", optional: false]}, {:decimal, "~> 3.0", [hex: :decimal, repo: "hexpm", optional: false]}, {:ecto, "~> 3.14.0", [hex: :ecto, repo: "hexpm", optional: false]}, {:myxql, "~> 0.8", [hex: :myxql, repo: "hexpm", optional: true]}, {:postgrex, "~> 0.19 or ~> 1.0", [hex: :postgrex, repo: "hexpm", optional: true]}, {:tds, "~> 2.1.1 or ~> 2.2", [hex: :tds, repo: "hexpm", optional: true]}, {:telemetry, "~> 0.4.0 or ~> 1.0", [hex: :telemetry, repo: "hexpm", optional: false]}], "hexpm", "f4d8d36faf294c9417b5a37ec7ac8217ee2abdef5fcf197ba690f361548d3949"},
  "elixir_make": {:hex, :elixir_make, "0.10.0", "16577e2583a79bb79237bbff349619ef5d80afffc07eac6e4faf0d00e2ddaf7d", [:mix], [], "hexpm", "dc1f09fb7fa68866b886abd5f0f3c83553b1a19a52359a899e92af1bb3b31982"},
  "elixir_uuid": {:hex, :elixir_uuid, "1.2.1", "dce506597acb7e6b0daeaff52ff6a9043f5919a4c3315abb4143f0b00378c097", [:mix], [], "hexpm", "f7eba2ea6c3555cea09706492716b0d87397b88946e6380898c2889d68585752"},
  "esaml": {:hex, :esaml, "4.6.0", "8fb5a3a0d56ccfce3e081a2f72b29058511047a2abbafb64cb6f595bf7465124", [:rebar3], [{:cowboy, "< 3.0.0", [hex: :cowboy, repo: "hexpm", optional: false]}], "hexpm", "d34d0b259cd8ac8215fd2c333fac9dbbb91b5f5da5a9304508612ff3ac0afa7a"},
  "ex_aws": {:hex, :ex_aws, "2.7.0", "e6bfd4b5fb8c791aa6c7d57fc7c45f050bb89de9576f1f6104aa974b234c01ec", [:mix], [{:configparser_ex, "~> 5.0", [hex: :configparser_ex, repo: "hexpm", optional: true]}, {:hackney, "~> 4.0", [hex: :hackney, repo: "hexpm", optional: true]}, {:jason, "~> 1.1", [hex: :jason, repo: "hexpm", optional: true]}, {:jsx, "~> 2.8 or ~> 3.0", [hex: :jsx, repo: "hexpm", optional: true]}, {:mime, "~> 1.2 or ~> 2.0", [hex: :mime, repo: "hexpm", optional: false]}, {:req, "~> 0.5.10 or ~> 0.6 or ~> 1.0", [hex: :req, repo: "hexpm", optional: true]}, {:sweet_xml, "~> 0.7", [hex: :sweet_xml, repo: "hexpm", optional: true]}, {:telemetry, "~> 0.4.3 or ~> 1.0", [hex: :telemetry, repo: "hexpm", optional: false]}], "hexpm", "bfe9d744d4fd4c1f40314ee7fab504d5547d1f01cd377fff1568cbe630b06d65"},
  "ex_aws_s3": {:hex, :ex_aws_s3, "2.5.9", "862b7792f2e60d7010e2920d79964e3fab289bc0fd951b0ba8457a3f7f9d1199", [:mix], [{:ex_aws, "~> 2.0", [hex: :ex_aws, repo: "hexpm", optional: false]}, {:sweet_xml, ">= 0.0.0", [hex: :sweet_xml, repo: "hexpm", optional: true]}], "hexpm", "a480d2bb2da64610014021629800e1e9457ca5e4a62f6775bffd963360c2bf90"},
  "expo": {:hex, :expo, "1.1.1", "4202e1d2ca6e2b3b63e02f69cfe0a404f77702b041d02b58597c00992b601db5", [:mix], [], "hexpm", "5fb308b9cb359ae200b7e23d37c76978673aa1b06e2b3075d814ce12c5811640"},
  "file_system": {:hex, :file_system, "1.1.1", "31864f4685b0148f25bd3fbef2b1228457c0c89024ad67f7a81a3ffbc0bbad3a", [:mix], [], "hexpm", "7a15ff97dfe526aeefb090a7a9d3d03aa907e100e262a0f8f7746b78f8f87a5d"},
  "finch": {:hex, :finch, "0.23.0", "e3f9287ac25a8832f848b144c2b57346aac65b205e2e0629a52adfe6507fd837", [:mix], [{:mime, "~> 1.0 or ~> 2.0", [hex: :mime, repo: "hexpm", optional: false]}, {:mint, "~> 1.8", [hex: :mint, repo: "hexpm", optional: false]}, {:nimble_options, "~> 0.4 or ~> 1.0", [hex: :nimble_options, repo: "hexpm", optional: false]}, {:nimble_pool, "~> 1.1", [hex: :nimble_pool, repo: "hexpm", optional: false]}, {:telemetry, "~> 0.4 or ~> 1.0", [hex: :telemetry, repo: "hexpm", optional: false]}], "hexpm", "80e58d3f936f57e3fdf404f83a3642897ae6d9fb642934e46da4d8fe761b99d5"},
  "floki": {:hex, :floki, "0.38.4", "10f98971e892aed2c2f1b3a0f928e488e3797e1c6dd3dfd98db40b14e9a78bcf", [:mix], [], "hexpm", "bdb34645eee8e79845c7edaca2d4099a52804ee4d4a3ecc683a69451f0244973"},
  "genai": {:git, "https://github.com/noizu-labs-ml/genai.git", "3482ee7247238fca0da86111df2b946708106e0c", [branch: "develop"]},
  "genai_core": {:hex, :genai_core, "0.3.3", "77b8733d681278c669546f75eed5ecd8543c3dad1a6e6d6c6f8e7d5884808c29", [:mix], [{:elixir_uuid, "~> 1.2", [hex: :elixir_uuid, repo: "hexpm", optional: true]}, {:finch, "~> 0.15", [hex: :finch, repo: "hexpm", optional: true]}, {:floki, ">= 0.30.0", [hex: :floki, repo: "hexpm", optional: true]}, {:jason, "~> 1.2", [hex: :jason, repo: "hexpm", optional: true]}, {:noizu_labs_core, "~> 0.1", [hex: :noizu_labs_core, repo: "hexpm", optional: false]}, {:shortuuid, "~> 4.0", [hex: :shortuuid, repo: "hexpm", optional: true]}, {:sweet_xml, "~> 0.7", [hex: :sweet_xml, repo: "hexpm", optional: true]}, {:yaml_elixir, "~> 2.9", [hex: :yaml_elixir, repo: "hexpm", optional: true]}, {:ymlr, "~> 5.0", [hex: :ymlr, repo: "hexpm", optional: true]}], "hexpm", "4b25833aa22760f6a259130fd8cd266682721e5e150b3817044abb7c85c75279"},
  "geo": {:hex, :geo, "3.6.0", "00c9c6338579f67e91cd5950af4ae2eb25cdce0c3398718c232539f61625d0bd", [:mix], [{:jason, "~> 1.4", [hex: :jason, repo: "hexpm", optional: true]}], "hexpm", "1dbdebf617183b54bc3c8ad7a36531a9a76ada8ca93f75f573b0ae94006168da"},
  "geo_postgis": {:hex, :geo_postgis, "3.7.1", "614f25b42334a615bd54bb09c22030b1aac7bac8f829bd823ab1faccf093a324", [:mix], [{:ecto, "~> 3.0", [hex: :ecto, repo: "hexpm", optional: true]}, {:geo, "~> 3.6 or ~> 4.0", [hex: :geo, repo: "hexpm", optional: false]}, {:jason, "~> 1.2", [hex: :jason, repo: "hexpm", optional: true]}, {:poison, "~> 2.2 or ~> 3.0 or ~> 4.0 or ~> 5.0 or ~> 6.0", [hex: :poison, repo: "hexpm", optional: true]}, {:postgrex, ">= 0.0.0", [hex: :postgrex, repo: "hexpm", optional: false]}], "hexpm", "c20d823c600d35b7fe9ddd5be03052bb7136c57d6f1775dbd46871545e405280"},
  "gettext": {:hex, :gettext, "0.26.2", "5978aa7b21fada6deabf1f6341ddba50bc69c999e812211903b169799208f2a8", [:mix], [{:expo, "~> 0.5.1 or ~> 1.0", [hex: :expo, repo: "hexpm", optional: false]}], "hexpm", "aa978504bcf76511efdc22d580ba08e2279caab1066b76bb9aa81c4a1e0a32a5"},
  "gproc": {:hex, :gproc, "0.9.1", "f1df0364423539cf0b80e8201c8b1839e229e5f9b3ccb944c5834626998f5b8c", [:rebar3], [], "hexpm", "905088e32e72127ed9466f0bac0d8e65704ca5e73ee5a62cb073c3117916d507"},
  "grpcbox": {:hex, :grpcbox, "0.17.1", "6e040ab3ef16fe699ffb513b0ef8e2e896da7b18931a1ef817143037c454bcce", [:rebar3], [{:acceptor_pool, "~> 1.0.0", [hex: :acceptor_pool, repo: "hexpm", optional: false]}, {:chatterbox, "~> 0.15.1", [hex: :ts_chatterbox, repo: "hexpm", optional: false]}, {:ctx, "~> 0.6.0", [hex: :ctx, repo: "hexpm", optional: false]}, {:gproc, "~> 0.9.1", [hex: :gproc, repo: "hexpm", optional: false]}], "hexpm", "4a3b5d7111daabc569dc9cbd9b202a3237d81c80bf97212fbc676832cb0ceb17"},
  "guardian": {:hex, :guardian, "2.4.0", "efbbb397ecca881bb548560169922fc4433a05bc98c2eb96a7ed88ede9e17d64", [:mix], [{:jose, "~> 1.11.9", [hex: :jose, repo: "hexpm", optional: false]}, {:plug, "~> 1.3.3 or ~> 1.4", [hex: :plug, repo: "hexpm", optional: true]}], "hexpm", "5c80103a9c538fbc2505bf08421a82e8f815deba9eaedb6e734c66443154c518"},
  "hammer": {:hex, :hammer, "6.2.1", "5ae9c33e3dceaeb42de0db46bf505bd9c35f259c8defb03390cd7556fea67ee2", [:mix], [{:poolboy, "~> 1.5", [hex: :poolboy, repo: "hexpm", optional: false]}], "hexpm", "b9476d0c13883d2dc0cc72e786bac6ac28911fba7cc2e04b70ce6a6d9c4b2bdc"},
  "hpack": {:hex, :hpack_erl, "0.3.0", "2461899cc4ab6a0ef8e970c1661c5fc6a52d3c25580bc6dd204f84ce94669926", [:rebar3], [], "hexpm", "d6137d7079169d8c485c6962dfe261af5b9ef60fbc557344511c1e65e3d95fb0"},
  "hpax": {:hex, :hpax, "1.0.4", "777de5d433b0fbdc7c418159c8055910faa8047ffdb3d6b31098d2a46cd7685c", [:mix], [], "hexpm", "afc7cb142ebcc2d01ce7816190b98ce5dd49e799111b24249f3443d730f377ca"},
  "idna": {:hex, :idna, "7.1.0", "1067a13043538129602d2f2ce6899d8713125c7d19734aa557ce2e3ea55bd4f1", [:rebar3], [], "hexpm", "6ae959a025bf36df61a8cab8508d9654891b5426a84c44d82deaffd6ddf8c71f"},
  "inet_cidr": {:hex, :inet_cidr, "1.0.9", "e0ef72a2942529da78c8e4147d53f2ef5f6f5293335c3637b0fdf83c012cc816", [:mix], [], "hexpm", "172da15ff7cf635b1feaf14f5818be28c811b37cc5fb7c5f7c01058c1c1066cc"},
  "inflex28": {:hex, :inflex28, "2.1.0", "b0046afbb2c41f9e2b9940875d504fcd03b11c7a20cb049f0d0297d39f137075", [:mix], [], "hexpm", "f6a411c0ea6a363937955706ec12fd47d6fee42876ad38f84cf475c6b7983a4d"},
  "jason": {:hex, :jason, "1.4.5", "2e3a008590b0b8d7388c20293e9dcc9cf3e5d642fd2a114e4cbbb52e595d940a", [:mix], [{:decimal, "~> 1.0 or ~> 2.0 or ~> 3.0", [hex: :decimal, repo: "hexpm", optional: true]}], "hexpm", "b0c823996102bcd0239b3c2444eb00409b72f6a140c1950bc8b457d836b30684"},
  "jose": {:hex, :jose, "1.11.12", "06e62b467b61d3726cbc19e9b5489f7549c37993de846dfb3ee8259f9ed208b3", [:mix, :rebar3], [], "hexpm", "31e92b653e9210b696765cdd885437457de1add2a9011d92f8cf63e4641bab7b"},
  "jsv": {:hex, :jsv, "0.22.0", "3a2bb35dd7d1ca0034437bee8099214e40d391a5e4f058f5a0800aef91c4dfeb", [:mix], [{:abnf_parsec, "~> 2.0", [hex: :abnf_parsec, repo: "hexpm", optional: false]}, {:decimal, "~> 2.0 or ~> 3.0", [hex: :decimal, repo: "hexpm", optional: true]}, {:idna, "~> 6.0 or ~> 7.0", [hex: :idna, repo: "hexpm", optional: false]}, {:jason, "~> 1.0", [hex: :jason, repo: "hexpm", optional: true]}, {:texture, ">= 1.2.1", [hex: :texture, repo: "hexpm", optional: false]}], "hexpm", "79bae1f970413c86771051a8ea0bd553cc1e866d285270be539f1ef3ca044f3c"},
  "junit_formatter": {:hex, :junit_formatter, "3.4.0", "d0e8db6c34dab6d3c4154c3b46b21540db1109ae709d6cf99ba7e7a2ce4b1ac2", [:mix], [], "hexpm", "bb36e2ae83f1ced6ab931c4ce51dd3dbef1ef61bb4932412e173b0cfa259dacd"},
  "logger_json": {:hex, :logger_json, "6.2.1", "a1db30e1164e6057f2328a1e4d6b632b9583c015574fdf6c38cf73721128edcb", [:mix], [{:decimal, ">= 0.0.0", [hex: :decimal, repo: "hexpm", optional: true]}, {:ecto, "~> 3.11", [hex: :ecto, repo: "hexpm", optional: true]}, {:jason, "~> 1.4", [hex: :jason, repo: "hexpm", optional: false]}, {:plug, "~> 1.15", [hex: :plug, repo: "hexpm", optional: true]}, {:telemetry, "~> 1.0", [hex: :telemetry, repo: "hexpm", optional: true]}], "hexpm", "34acd0bfd419d5fcf08c4108a8a4b59b695fcc60409dc1dd1a868b70c42e1d1f"},
  "mime": {:hex, :mime, "2.0.7", "b8d739037be7cd402aee1ba0306edfdef982687ee7e9859bee6198c1e7e2f128", [:mix], [], "hexpm", "6171188e399ee16023ffc5b76ce445eb6d9672e2e241d2df6050f3c771e80ccd"},
  "mimerl": {:hex, :mimerl, "1.5.0", "f35aca6f23242339b3666e0ac0702379e362b469d0aea167f6cc713547e777ed", [:rebar3], [], "hexpm", "db648ce065bae14ea84ca8b5dd123f42f49417cef693541110bf6f9e9be9ecc4"},
  "mint": {:hex, :mint, "1.9.3", "3337184d69179695c7a9f1714d92c11e629d36c8c037a21cf490131d3d150554", [:mix], [{:castore, "~> 0.1.0 or ~> 1.0", [hex: :castore, repo: "hexpm", optional: true]}, {:hpax, "~> 0.1.1 or ~> 0.2.0 or ~> 1.0", [hex: :hpax, repo: "hexpm", optional: false]}], "hexpm", "5f7c9342480c069dbbc4eeac3490303c9e01870ff01a7f1d29b6107054fc1e74"},
  "nimble_options": {:hex, :nimble_options, "1.1.1", "e3a492d54d85fc3fd7c5baf411d9d2852922f66e69476317787a7b2bb000a61b", [:mix], [], "hexpm", "821b2470ca9442c4b6984882fe9bb0389371b8ddec4d45a9504f00a66f650b44"},
  "nimble_parsec": {:hex, :nimble_parsec, "1.4.2", "8efba0122db06df95bfaa78f791344a89352ba04baedd3849593bfce4d0dc1c6", [:mix], [], "hexpm", "4b21398942dda052b403bbe1da991ccd03a053668d147d53fb8c4e0efe09c973"},
  "nimble_pool": {:hex, :nimble_pool, "1.1.0", "bf9c29fbdcba3564a8b800d1eeb5a3c58f36e1e11d7b7fb2e084a643f645f06b", [:mix], [], "hexpm", "af2e4e6b34197db81f7aad230c1118eac993acc0dae6bc83bac0126d4ae0813a"},
  "noizu_github": {:hex, :noizu_github, "0.5.0", "b17ad51bfab0408d9f411bfef8621e307dfbbe21fd40144e354310dabcb5669a", [:mix], [{:finch, "~> 0.19", [hex: :finch, repo: "hexpm", optional: false]}, {:jason, "~> 1.2", [hex: :jason, repo: "hexpm", optional: false]}], "hexpm", "23d448f1ace41b86d0a04eacbaf437fc7b8b3dc6ae1e6e789c2ebbbf68460eaa"},
  "noizu_labs_core": {:hex, :noizu_labs_core, "0.1.8", "3c7425bd53551ec128ab226c4a0f38628790594af9423c94e7703a1f849a4e88", [:mix], [{:credo, "~> 1.7.12", [hex: :credo, repo: "hexpm", optional: false]}], "hexpm", "4e73494645f46b87232bff126c014a5f77aaa01944abafb82911e34d0df84400"},
  "noizu_labs_entities": {:hex, :noizu_labs_entities, "0.3.1", "c1b163e5c5afbb6fe34f54d24c317b238bbea412325e46ff7ed9ff897fbca3c4", [:mix], [{:credo, "~> 1.0", [hex: :credo, repo: "hexpm", optional: false]}, {:ecto_sql, "~> 3.6", [hex: :ecto_sql, repo: "hexpm", optional: false]}, {:elixir_uuid, "~> 1.2", [hex: :elixir_uuid, repo: "hexpm", optional: true]}, {:inflex28, "~> 2.1.0", [hex: :inflex28, repo: "hexpm", optional: false]}, {:noizu_labs_core, "~> 0.1.7", [hex: :noizu_labs_core, repo: "hexpm", optional: false]}, {:nuamnesia, "~> 0.3.0", [hex: :nuamnesia, repo: "hexpm", optional: true]}, {:shortuuid, "~> 4.0", [hex: :shortuuid, repo: "hexpm", optional: false]}], "hexpm", "1574744e267bdfa376bd594be8390431ba040378b0c78885f9fa92e512a7d66a"},
  "noizu_mcp": {:git, "https://github.com/noizu-labs-ml/elixir-mcp-lib.git", "5f7217ed63a3e242a8595aa71f546c56bc1d2bef", [ref: "5f7217ed63a3e242a8595aa71f546c56bc1d2bef"]},
  "noizu_sendgrid": {:hex, :noizu_sendgrid, "2.1.0", "7eb15a4ae663b1529ee20d0a62954f10439d31ef0dd2efe94064744ef90d4b27", [:mix], [{:jason, "~> 1.1", [hex: :jason, repo: "hexpm", optional: false]}, {:tesla, "~> 1.2", [hex: :tesla, repo: "hexpm", optional: false]}], "hexpm", "8cb695b1cba829e405d83f156a2b1bbee91d035b84905f1b1ca16c00a673acd8"},
  "noizu_weaviate": {:hex, :noizu_weaviate, "0.2.0", "76965ab7ccc9f5b6456bd21bdbf1343e2f7bab218680492b3e640b2a2f0e8748", [:mix], [{:finch, "~> 0.15", [hex: :finch, repo: "hexpm", optional: false]}, {:jason, "~> 1.2", [hex: :jason, repo: "hexpm", optional: false]}], "hexpm", "b6418a3efe22e2743fe7a73110f7332d9efb90a9aacf2a75a8ad56ff0c1eff76"},
  "oauth2": {:hex, :oauth2, "2.1.1", "3bec9bf49e88e1b0c0ddf9f44c393d71fd0f88e905766f2e2cc5d57e6bcc5352", [:mix], [{:tesla, "~> 1.18", [hex: :tesla, repo: "hexpm", optional: false]}], "hexpm", "1d5997cb1ff1643dac17076b6c00c91e4381d8389f3c49a8c390984606dad439"},
  "oban": {:hex, :oban, "2.23.0", "1867d0fa4e8c7685217b02cc2632e3ee86c93da770e9029ff71304d9e62e53d7", [:mix], [{:ecto_sql, "~> 3.10", [hex: :ecto_sql, repo: "hexpm", optional: false]}, {:ecto_sqlite3, "~> 0.9", [hex: :ecto_sqlite3, repo: "hexpm", optional: true]}, {:igniter, "~> 0.5", [hex: :igniter, repo: "hexpm", optional: true]}, {:jason, "~> 1.1", [hex: :jason, repo: "hexpm", optional: true]}, {:myxql, "~> 0.7", [hex: :myxql, repo: "hexpm", optional: true]}, {:postgrex, "~> 0.20", [hex: :postgrex, repo: "hexpm", optional: true]}, {:telemetry, "~> 1.3", [hex: :telemetry, repo: "hexpm", optional: false]}], "hexpm", "8e5f0cec5abecce78dd08cb14dc5438db90ec3884987b44773ce76fe60dd3f81"},
  "openid_connect": {:hex, :openid_connect, "1.0.1", "8adc0200f7383c604a08516c537ad3abbe32e9309f73fea718b5483f0bc0622b", [:mix], [{:finch, "~> 0.14", [hex: :finch, repo: "hexpm", optional: false]}, {:jason, ">= 1.0.0", [hex: :jason, repo: "hexpm", optional: false]}, {:jose, "~> 1.8", [hex: :jose, repo: "hexpm", optional: false]}], "hexpm", "91aa3af230150439004fe4f8c938e71a8789ce4ff4c66d9df31aaa004786f2b2"},
  "opentelemetry": {:hex, :opentelemetry, "1.7.0", "20d0f12d3d1c398d3670fd44fd1a7c495dd748ab3e5b692a7906662e2fb1a38a", [:rebar3], [{:opentelemetry_api, "~> 1.5.0", [hex: :opentelemetry_api, repo: "hexpm", optional: false]}], "hexpm", "a9173b058c4549bf824cbc2f1d2fa2adc5cdedc22aa3f0f826951187bbd53131"},
  "opentelemetry_api": {:hex, :opentelemetry_api, "1.5.0", "1a676f3e3340cab81c763e939a42e11a70c22863f645aa06aafefc689b5550cf", [:mix, :rebar3], [], "hexpm", "f53ec8a1337ae4a487d43ac89da4bd3a3c99ddf576655d071deed8b56a2d5dda"},
  "opentelemetry_bandit": {:hex, :opentelemetry_bandit, "0.3.0", "2c242dfdaabd747c75f4d8331fc9c17cfc9fb1db0638309762a4fcfa6d49a147", [:mix], [{:nimble_options, "~> 1.1", [hex: :nimble_options, repo: "hexpm", optional: false]}, {:opentelemetry_api, "~> 1.3", [hex: :opentelemetry_api, repo: "hexpm", optional: false]}, {:opentelemetry_semantic_conventions, "~> 1.27", [hex: :opentelemetry_semantic_conventions, repo: "hexpm", optional: false]}, {:otel_http, "~> 0.2", [hex: :otel_http, repo: "hexpm", optional: false]}, {:plug, ">= 1.15.0", [hex: :plug, repo: "hexpm", optional: false]}, {:telemetry, "~> 1.2", [hex: :telemetry, repo: "hexpm", optional: false]}], "hexpm", "5aa12378f5ff7cc3368f02905693571833f9449df86211fd99f4d764720cff60"},
  "opentelemetry_ecto": {:hex, :opentelemetry_ecto, "1.2.0", "2382cb47ddc231f953d3b8263ed029d87fbf217915a1da82f49159d122b64865", [:mix], [{:opentelemetry_api, "~> 1.0", [hex: :opentelemetry_api, repo: "hexpm", optional: false]}, {:opentelemetry_process_propagator, "~> 0.2", [hex: :opentelemetry_process_propagator, repo: "hexpm", optional: false]}, {:telemetry, "~> 0.4 or ~> 1.0", [hex: :telemetry, repo: "hexpm", optional: false]}], "hexpm", "70dfa2e79932e86f209df00e36c980b17a32f82d175f0068bf7ef9a96cf080cf"},
  "opentelemetry_exporter": {:hex, :opentelemetry_exporter, "1.10.0", "972e142392dbfa679ec959914664adefea38399e4f56ceba5c473e1cabdbad79", [:rebar3], [{:grpcbox, ">= 0.0.0", [hex: :grpcbox, repo: "hexpm", optional: false]}, {:opentelemetry, "~> 1.7.0", [hex: :opentelemetry, repo: "hexpm", optional: false]}, {:opentelemetry_api, "~> 1.5.0", [hex: :opentelemetry_api, repo: "hexpm", optional: false]}, {:tls_certificate_check, "~> 1.18", [hex: :tls_certificate_check, repo: "hexpm", optional: false]}], "hexpm", "33a116ed7304cb91783f779dec02478f887c87988077bfd72840f760b8d4b952"},
  "opentelemetry_phoenix": {:hex, :opentelemetry_phoenix, "2.0.1", "c664cdef205738cffcd409b33599439a4ffb2035ef6e21a77927ac1da90463cb", [:mix], [{:nimble_options, "~> 1.0", [hex: :nimble_options, repo: "hexpm", optional: false]}, {:opentelemetry_api, "~> 1.4", [hex: :opentelemetry_api, repo: "hexpm", optional: false]}, {:opentelemetry_process_propagator, "~> 0.3", [hex: :opentelemetry_process_propagator, repo: "hexpm", optional: false]}, {:opentelemetry_semantic_conventions, "~> 1.27", [hex: :opentelemetry_semantic_conventions, repo: "hexpm", optional: false]}, {:opentelemetry_telemetry, "~> 1.1", [hex: :opentelemetry_telemetry, repo: "hexpm", optional: false]}, {:otel_http, "~> 0.2", [hex: :otel_http, repo: "hexpm", optional: false]}, {:plug, ">= 1.11.0", [hex: :plug, repo: "hexpm", optional: false]}, {:telemetry, "~> 1.0", [hex: :telemetry, repo: "hexpm", optional: false]}], "hexpm", "a24fdccdfa6b890c8892c6366beab4a15a27ec0c692b0f77ec2a862e7b235f6e"},
  "opentelemetry_process_propagator": {:hex, :opentelemetry_process_propagator, "0.3.0", "ef5b2059403a1e2b2d2c65914e6962e56371570b8c3ab5323d7a8d3444fb7f84", [:mix, :rebar3], [{:opentelemetry_api, "~> 1.0", [hex: :opentelemetry_api, repo: "hexpm", optional: false]}], "hexpm", "7243cb6de1523c473cba5b1aefa3f85e1ff8cc75d08f367104c1e11919c8c029"},
  "opentelemetry_semantic_conventions": {:hex, :opentelemetry_semantic_conventions, "1.27.0", "acd0194a94a1e57d63da982ee9f4a9f88834ae0b31b0bd850815fe9be4bbb45f", [:mix, :rebar3], [], "hexpm", "9681ccaa24fd3d810b4461581717661fd85ff7019b082c2dff89c7d5b1fc2864"},
  "opentelemetry_telemetry": {:hex, :opentelemetry_telemetry, "1.1.2", "410ab4d76b0921f42dbccbe5a7c831b8125282850be649ee1f70050d3961118a", [:mix, :rebar3], [{:opentelemetry_api, "~> 1.3", [hex: :opentelemetry_api, repo: "hexpm", optional: false]}, {:telemetry, "~> 1.1", [hex: :telemetry, repo: "hexpm", optional: false]}], "hexpm", "641ab469deb181957ac6d59bce6e1321d5fe2a56df444fc9c19afcad623ab253"},
  "otel_http": {:hex, :otel_http, "0.2.0", "b17385986c7f1b862f5d577f72614ecaa29de40392b7618869999326b9a61d8a", [:rebar3], [], "hexpm", "f2beadf922c8cfeb0965488dd736c95cc6ea8b9efce89466b3904d317d7cc717"},
  "parse_trans": {:hex, :parse_trans, "3.4.2", "c352ddc1a0d5e54f9b1654d45f9c432eef76f9cea371c55ddff769ef688fdb74", [:rebar3], [], "hexpm", "4c25347de3b7c35732d32e69ab43d1ceee0beae3f3b3ade1b59cbd3dd224d9ca"},
  "pgvector": {:hex, :pgvector, "0.3.1", "2e05e54a63f2a2138f66593b29aaa0ced8b1b4c8402a81d82387e0ca93e7f6be", [:mix], [{:ecto, "~> 3.0", [hex: :ecto, repo: "hexpm", optional: true]}, {:nx, "~> 0.5", [hex: :nx, repo: "hexpm", optional: true]}, {:postgrex, ">= 0.0.0", [hex: :postgrex, repo: "hexpm", optional: false]}], "hexpm", "72c97aa92653dfd939ad4d70f98cf90898fae7c2d930652cedf63c5f38ba3736"},
  "phoenix": {:hex, :phoenix, "1.8.8", "ada3d761359274178180c0e992ef0c2b536bd7c3bd75ebba94acbf39ab4347fe", [:mix], [{:bandit, "~> 1.0", [hex: :bandit, repo: "hexpm", optional: true]}, {:jason, "~> 1.0", [hex: :jason, repo: "hexpm", optional: true]}, {:phoenix_pubsub, "~> 2.1", [hex: :phoenix_pubsub, repo: "hexpm", optional: false]}, {:phoenix_template, "~> 1.0", [hex: :phoenix_template, repo: "hexpm", optional: false]}, {:phoenix_view, "~> 2.0", [hex: :phoenix_view, repo: "hexpm", optional: true]}, {:plug, "~> 1.14", [hex: :plug, repo: "hexpm", optional: false]}, {:plug_cowboy, "~> 2.7", [hex: :plug_cowboy, repo: "hexpm", optional: true]}, {:plug_crypto, "~> 1.2 or ~> 2.0", [hex: :plug_crypto, repo: "hexpm", optional: false]}, {:telemetry, "~> 0.4 or ~> 1.0", [hex: :telemetry, repo: "hexpm", optional: false]}, {:websock_adapter, "~> 0.5.3", [hex: :websock_adapter, repo: "hexpm", optional: false]}], "hexpm", "f0c843037bd2e7012fc1d1ec9574dfa6972b7e3d09e9b77fd23aa283af0aa994"},
  "phoenix_ecto": {:hex, :phoenix_ecto, "4.7.0", "75c4b9dfb3efdc42aec2bd5f8bccd978aca0651dbcbc7a3f362ea5d9d43153c6", [:mix], [{:ecto, "~> 3.5", [hex: :ecto, repo: "hexpm", optional: false]}, {:phoenix_html, "~> 2.14.2 or ~> 3.0 or ~> 4.1", [hex: :phoenix_html, repo: "hexpm", optional: true]}, {:plug, "~> 1.9", [hex: :plug, repo: "hexpm", optional: false]}, {:postgrex, "~> 0.16 or ~> 1.0", [hex: :postgrex, repo: "hexpm", optional: true]}], "hexpm", "1d75011e4254cb4ddf823e81823a9629559a1be93b4321a6a5f11a5306fbf4cc"},
  "phoenix_html": {:hex, :phoenix_html, "4.3.0", "d3577a5df4b6954cd7890c84d955c470b5310bb49647f0a114a6eeecc850f7ad", [:mix], [], "hexpm", "3eaa290a78bab0f075f791a46a981bbe769d94bc776869f4f3063a14f30497ad"},
  "phoenix_live_dashboard": {:hex, :phoenix_live_dashboard, "0.8.7", "405880012cb4b706f26dd1c6349125bfc903fb9e44d1ea668adaf4e04d4884b7", [:mix], [{:ecto, "~> 3.6.2 or ~> 3.7", [hex: :ecto, repo: "hexpm", optional: true]}, {:ecto_mysql_extras, "~> 0.5", [hex: :ecto_mysql_extras, repo: "hexpm", optional: true]}, {:ecto_psql_extras, "~> 0.7", [hex: :ecto_psql_extras, repo: "hexpm", optional: true]}, {:ecto_sqlite3_extras, "~> 1.1.7 or ~> 1.2.0", [hex: :ecto_sqlite3_extras, repo: "hexpm", optional: true]}, {:mime, "~> 1.6 or ~> 2.0", [hex: :mime, repo: "hexpm", optional: false]}, {:phoenix_live_view, "~> 0.19 or ~> 1.0", [hex: :phoenix_live_view, repo: "hexpm", optional: false]}, {:telemetry_metrics, "~> 0.6 or ~> 1.0", [hex: :telemetry_metrics, repo: "hexpm", optional: false]}], "hexpm", "3a8625cab39ec261d48a13b7468dc619c0ede099601b084e343968309bd4d7d7"},
  "phoenix_live_view": {:hex, :phoenix_live_view, "1.2.3", "e8abe7f2acb96d98695e9290b35cb5a01a696cc2086d4ff2e0b3aa8b9c74675f", [:mix], [{:igniter, ">= 0.6.16 and < 1.0.0-0", [hex: :igniter, repo: "hexpm", optional: true]}, {:jason, "~> 1.0", [hex: :jason, repo: "hexpm", optional: true]}, {:lazy_html, "~> 0.1.0", [hex: :lazy_html, repo: "hexpm", optional: true]}, {:phoenix, "~> 1.6.15 or ~> 1.7.0 or ~> 1.8.0", [hex: :phoenix, repo: "hexpm", optional: false]}, {:phoenix_html, "~> 3.3 or ~> 4.0", [hex: :phoenix_html, repo: "hexpm", optional: false]}, {:phoenix_template, "~> 1.0", [hex: :phoenix_template, repo: "hexpm", optional: false]}, {:phoenix_view, "~> 2.0", [hex: :phoenix_view, repo: "hexpm", optional: true]}, {:plug, "~> 1.15", [hex: :plug, repo: "hexpm", optional: false]}, {:telemetry, "~> 0.4.2 or ~> 1.0", [hex: :telemetry, repo: "hexpm", optional: false]}], "hexpm", "449affd6aea24daaa2f6b43748fc1e2c6a87610df996cc1f54e7b19a7a18e638"},
  "phoenix_pubsub": {:hex, :phoenix_pubsub, "2.2.0", "ff3a5616e1bed6804de7773b92cbccfc0b0f473faf1f63d7daf1206c7aeaaa6f", [:mix], [], "hexpm", "adc313a5bf7136039f63cfd9668fde73bba0765e0614cba80c06ac9460ff3e96"},
  "phoenix_template": {:hex, :phoenix_template, "1.0.4", "e2092c132f3b5e5b2d49c96695342eb36d0ed514c5b252a77048d5969330d639", [:mix], [{:phoenix_html, "~> 2.14.2 or ~> 3.0 or ~> 4.0", [hex: :phoenix_html, repo: "hexpm", optional: true]}], "hexpm", "2c0c81f0e5c6753faf5cca2f229c9709919aba34fab866d3bc05060c9c444206"},
  "plug": {:hex, :plug, "1.20.3", "56c480c633ec2ce10140e236e15233bf576e1d323887d7c96711bd02ab5160db", [:mix], [{:mime, "~> 1.0 or ~> 2.0", [hex: :mime, repo: "hexpm", optional: false]}, {:plug_crypto, "~> 1.1.1 or ~> 1.2 or ~> 2.0", [hex: :plug_crypto, repo: "hexpm", optional: false]}, {:telemetry, "~> 0.4.3 or ~> 1.0", [hex: :telemetry, repo: "hexpm", optional: false]}], "hexpm", "be266aee1b8536ef6409d58cf39a3121319f0ec47cfa1b24024485aa0e76ad76"},
  "plug_crypto": {:hex, :plug_crypto, "2.2.0", "144014737daaf485407f5ed77daeaad74d651b216a28c87543f8cc7043f8efc8", [:mix], [], "hexpm", "83a95744ab1c75876542b6fab135fcc176280e0f301a111c1f757fddcec95d2c"},
  "poolboy": {:hex, :poolboy, "1.5.2", "392b007a1693a64540cead79830443abf5762f5d30cf50bc95cb2c1aaafa006b", [:rebar3], [], "hexpm", "dad79704ce5440f3d5a3681c8590b9dc25d1a561e8f5a9c995281012860901e3"},
  "postgrex": {:hex, :postgrex, "0.22.4", "d271f595dfd25230b6398354e19d17bb5e2d20130fd2d9bdca7e15f125d43552", [:mix], [{:db_connection, "~> 2.9", [hex: :db_connection, repo: "hexpm", optional: false]}, {:decimal, "~> 1.5 or ~> 2.0 or ~> 3.0", [hex: :decimal, repo: "hexpm", optional: false]}, {:jason, "~> 1.0", [hex: :jason, repo: "hexpm", optional: true]}, {:table, "~> 0.1.0", [hex: :table, repo: "hexpm", optional: true]}], "hexpm", "4aae45a2d60e35b04eea2602440be152fae332901f1fc7a60fc7cb7f0f9a9c5a"},
  "quic": {:hex, :quic, "1.8.0", "7b074fc6f8a13b4a81e4e11254bf061db61c5c07b4366d568a79a38c5e8bb5f3", [:rebar3], [], "hexpm", "6b1f8f08a45412ac503bc6771efb8edc696bb14079bc48d2ca960b92933da8a4"},
  "ranch": {:hex, :ranch, "2.2.0", "25528f82bc8d7c6152c57666ca99ec716510fe0925cb188172f41ce93117b1b0", [:make, :rebar3], [], "hexpm", "fa0b99a1780c80218a4197a59ea8d3bdae32fbff7e88527d7d8a4787eff4f8e7"},
  "redix": {:hex, :redix, "1.5.3", "4eaae29c75e3285c0ff9957046b7c209aa7f72a023a17f0a9ea51c2a50ab5b0f", [:mix], [{:castore, "~> 0.1.0 or ~> 1.0", [hex: :castore, repo: "hexpm", optional: true]}, {:nimble_options, "~> 0.5.0 or ~> 1.0", [hex: :nimble_options, repo: "hexpm", optional: false]}, {:telemetry, "~> 0.4.0 or ~> 1.0", [hex: :telemetry, repo: "hexpm", optional: false]}], "hexpm", "7b06fb5246373af41f5826b03334dfa3f636347d4d5d98b4d455b699d425ae7e"},
  "req": {:hex, :req, "0.7.4", "23e9ffec17de032a46a4b15ed65c09793893bf4a7c680f4bbf6227fce6bdf74d", [:mix], [{:brotli, "~> 0.3.1", [hex: :brotli, repo: "hexpm", optional: true]}, {:finch, "~> 0.21", [hex: :finch, repo: "hexpm", optional: false]}, {:jason, "~> 1.0", [hex: :jason, repo: "hexpm", optional: false]}, {:mime, "~> 2.0.6 or ~> 2.1", [hex: :mime, repo: "hexpm", optional: false]}, {:nimble_csv, "~> 1.0", [hex: :nimble_csv, repo: "hexpm", optional: true]}, {:plug, "~> 1.0", [hex: :plug, repo: "hexpm", optional: true]}], "hexpm", "4b192d63253e8dcc6221ef992ea9ebef7d3555166e8423aa5b553e86bc3c69a2"},
  "samly": {:hex, :samly, "1.4.0", "58397eb6ca96bf768655723d378e6468f95f752b547aac1504f126bbd7c9fde8", [:mix], [{:esaml, "~> 4.3", [hex: :esaml, repo: "hexpm", optional: false]}, {:plug, "~> 1.6", [hex: :plug, repo: "hexpm", optional: false]}, {:sweet_xml, "~> 0.6", [hex: :sweet_xml, repo: "hexpm", optional: false]}], "hexpm", "9cc53e043cb4508c3df2f9a4e13bc101a6835aded5cd49ee1c931158f7ce1dd6"},
  "seed_helper": {:hex, :seed_helper, "0.1.1", "aeff7a114f1e87045f8df93c206b221aaf91cd5054cc397c33a46b9feb906e6a", [:mix], [{:ecto_sql, "~> 3.6", [hex: :ecto_sql, repo: "hexpm", optional: false]}, {:elixir_uuid, "~> 1.2", [hex: :elixir_uuid, repo: "hexpm", optional: false]}], "hexpm", "347e834810166f336c010bca48681ce242109771c0962cc8ec5118b1b841e28d"},
  "semaphore": {:hex, :semaphore, "1.3.0", "f99a6e76a5d40420453387de85f3d26890dee935bb5875b5a9be52404334c2c6", [:mix], [], "hexpm", "09df576bc4928200defd2d82990e415d9d3701e92136742c4a8f9bf39eb61555"},
  "shortuuid": {:hex, :shortuuid, "4.1.0", "6f59470b78169c84a0cedbbe3fd4e83f0837a59877a4e1a7c0709916d54239e2", [:mix], [], "hexpm", "7336719118b3cca1ac73e95810199b0b9b7d00f9d71bd2c2d27fed4c4f74388e"},
  "smart_token": {:hex, :smart_token, "0.1.3", "afdd8e67a81ebccb91de87c50042b412523d2f2c3354d142f3605509b79303e6", [:mix], [{:ecto_sql, "~> 3.10", [hex: :ecto_sql, repo: "hexpm", optional: true]}, {:elixir_uuid, "~> 1.2", [hex: :elixir_uuid, repo: "hexpm", optional: false]}, {:inet_cidr, "~> 1.0.0", [hex: :inet_cidr, repo: "hexpm", optional: false]}, {:noizu_labs_core, ">= 0.0.0", [hex: :noizu_labs_core, repo: "hexpm", optional: false]}, {:plug, ">= 0.0.0", [hex: :plug, repo: "hexpm", optional: false]}, {:postgrex, ">= 0.0.0", [hex: :postgrex, repo: "hexpm", optional: true]}, {:shortuuid, "~> 3.0 or ~> 4.0", [hex: :shortuuid, repo: "hexpm", optional: false]}], "hexpm", "96395f3b7cb99302d4304b2286a2a2a71f8d14b8c207004b07e54adeb2ae2054"},
  "ssl_verify_fun": {:hex, :ssl_verify_fun, "1.1.7", "354c321cf377240c7b8716899e182ce4890c5938111a1296add3ec74cf1715df", [:make, :mix, :rebar3], [], "hexpm", "fe4c190e8f37401d30167c8c405eda19469f34577987c76dde613e838bbc67f8"},
  "stream_data": {:hex, :stream_data, "1.3.0", "bde37905530aff386dea1ddd86ecbf00e6642dc074ceffc10b7d4e41dfd6aac9", [:mix], [], "hexpm", "3cc552e286e817dca43c98044c706eec9318083a1480c52ae2688b08e2936e3c"},
  "sweet_xml": {:hex, :sweet_xml, "0.7.5", "803a563113981aaac202a1dbd39771562d0ad31004ddbfc9b5090bdcd5605277", [:mix], [], "hexpm", "193b28a9b12891cae351d81a0cead165ffe67df1b73fe5866d10629f4faefb12"},
  "syn": {:hex, :syn, "3.4.1", "0f5dec874dc9a966f75103821decd1104e47abae60e59c29f3f7b9f49ad5f234", [:rebar3], [], "hexpm", "3fb028569593363d4759649ef0aa406bb4dd148aaf8a8b6ce068072837368b52"},
  "table_rex": {:hex, :table_rex, "4.1.0", "fbaa8b1ce154c9772012bf445bfb86b587430fb96f3b12022d3f35ee4a68c918", [:mix], [], "hexpm", "95932701df195d43bc2d1c6531178fc8338aa8f38c80f098504d529c43bc2601"},
  "telemetry": {:hex, :telemetry, "1.4.2", "a0cb522801dffb1c49fe6e30561badffc7b6d0e180db1300df759faa22062855", [:rebar3], [], "hexpm", "928f6495066506077862c0d1646609eed891a4326bee3126ba54b60af61febb1"},
  "telemetry_metrics": {:hex, :telemetry_metrics, "1.1.0", "5bd5f3b5637e0abea0426b947e3ce5dd304f8b3bc6617039e2b5a008adc02f8f", [:mix], [{:telemetry, "~> 0.4 or ~> 1.0", [hex: :telemetry, repo: "hexpm", optional: false]}], "hexpm", "e7b79e8ddfde70adb6db8a6623d1778ec66401f366e9a8f5dd0955c56bc8ce67"},
  "telemetry_poller": {:hex, :telemetry_poller, "1.3.0", "d5c46420126b5ac2d72bc6580fb4f537d35e851cc0f8dbd571acf6d6e10f5ec7", [:rebar3], [{:telemetry, "~> 1.0", [hex: :telemetry, repo: "hexpm", optional: false]}], "hexpm", "51f18bed7128544a50f75897db9974436ea9bfba560420b646af27a9a9b35211"},
  "tesla": {:hex, :tesla, "1.20.0", "922b504e186da2ee82990d44e7422435f41b67403908a00340c3a0b23a17aa90", [:mix], [{:castore, "~> 0.1 or ~> 1.0", [hex: :castore, repo: "hexpm", optional: true]}, {:exjsx, ">= 3.0.0", [hex: :exjsx, repo: "hexpm", optional: true]}, {:finch, "~> 0.13", [hex: :finch, repo: "hexpm", optional: true]}, {:fuse, "~> 2.4", [hex: :fuse, repo: "hexpm", optional: true]}, {:gun, ">= 1.0.0", [hex: :gun, repo: "hexpm", optional: true]}, {:hackney, "~> 1.21 or >= 4.0.2 and < 5.0.0-0", [hex: :hackney, repo: "hexpm", optional: true]}, {:ibrowse, "4.4.2", [hex: :ibrowse, repo: "hexpm", optional: true]}, {:jason, ">= 1.0.0", [hex: :jason, repo: "hexpm", optional: true]}, {:mime, "~> 1.0 or ~> 2.0", [hex: :mime, repo: "hexpm", optional: false]}, {:mint, "~> 1.0", [hex: :mint, repo: "hexpm", optional: true]}, {:mox, "~> 1.0", [hex: :mox, repo: "hexpm", optional: true]}, {:msgpax, "~> 2.3", [hex: :msgpax, repo: "hexpm", optional: true]}, {:opentelemetry_semantic_conventions, "~> 1.27", [hex: :opentelemetry_semantic_conventions, repo: "hexpm", optional: true]}, {:poison, ">= 1.0.0", [hex: :poison, repo: "hexpm", optional: true]}, {:telemetry, "~> 0.4 or ~> 1.0", [hex: :telemetry, repo: "hexpm", optional: true]}], "hexpm", "3ecb41cb458772332752c3acdfe983e23abb991f5a43cfd69a64e9ea3f4b0061"},
  "texture": {:hex, :texture, "1.2.1", "ae8d875fb099bcc1ccb0269296bf6c4590116eff9a44895049379359a14d5fca", [:mix], [{:abnf_parsec, "~> 2.0", [hex: :abnf_parsec, repo: "hexpm", optional: false]}], "hexpm", "925b1938891ce5c1d589df408faa7ed57dd872e4aac9521b32495a29b265cb17"},
  "thousand_island": {:hex, :thousand_island, "1.5.0", "f50a213cac97262b6d5ebb85745aa2c00fec1413191e6e66834788d45425cecb", [:mix], [{:telemetry, "~> 0.4 or ~> 1.0", [hex: :telemetry, repo: "hexpm", optional: false]}], "hexpm", "708923d40523e43cf99041ab37a0d4b0ec426ac6438fa3716ab23d919eaeb412"},
  "tls_certificate_check": {:hex, :tls_certificate_check, "1.33.0", "01e0822a2ebb0b207c4964e8d32ad8b1b8ce1caf58f446e53f816d06db953de4", [:rebar3], [{:ssl_verify_fun, "~> 1.1", [hex: :ssl_verify_fun, repo: "hexpm", optional: false]}], "hexpm", "cab9a7439e2dbfe91b38104f2d8a4b6d61dbc4d3a5ad59ac364713a88c6cfd9b"},
  "ueberauth": {:hex, :ueberauth, "0.10.8", "ba78fbcbb27d811a6cd06ad851793aaf7d27c3b30c9e95349c2c362b344cd8f0", [:mix], [{:plug, "~> 1.5", [hex: :plug, repo: "hexpm", optional: false]}], "hexpm", "f2d3172e52821375bccb8460e5fa5cb91cfd60b19b636b6e57e9759b6f8c10c1"},
  "ueberauth_facebook": {:hex, :ueberauth_facebook, "0.10.0", "0d607fbd1b7c6e0449981571027d869c2d156b8ad20c42e3672346678c05ccf1", [:mix], [{:oauth2, "~> 1.0 or ~> 2.0", [hex: :oauth2, repo: "hexpm", optional: false]}, {:ueberauth, "~> 0.7", [hex: :ueberauth, repo: "hexpm", optional: false]}], "hexpm", "bf8ce5d66b1c50da8abff77e8086c1b710bdde63f4acaef19a651ba43a9537a8"},
  "ueberauth_github": {:hex, :ueberauth_github, "0.8.3", "1c478629b4c1dae446c68834b69194ad5cead3b6c67c913db6fdf64f37f0328f", [:mix], [{:oauth2, "~> 1.0 or ~> 2.0", [hex: :oauth2, repo: "hexpm", optional: false]}, {:ueberauth, "~> 0.7", [hex: :ueberauth, repo: "hexpm", optional: false]}], "hexpm", "ae0ab2879c32cfa51d7287a48219b262bfdab0b7ec6629f24160564247493cc6"},
  "ueberauth_google": {:hex, :ueberauth_google, "0.12.1", "90cf49743588193334f7a00da252f92d90bfd178d766c0e4291361681fafec7d", [:mix], [{:oauth2, "~> 1.0 or ~> 2.0", [hex: :oauth2, repo: "hexpm", optional: false]}, {:ueberauth, "~> 0.10.0", [hex: :ueberauth, repo: "hexpm", optional: false]}], "hexpm", "7f7deacd679b2b66e3bffb68ecc77aa1b5396a0cbac2941815f253128e458c38"},
  "vix": {:hex, :vix, "0.38.0", "77529ee4f6ced339c3d5f90a9eacf306f5b7109d3d1b5e3ef391a984ad404f75", [:make, :mix], [{:cc_precompiler, "~> 0.1.4 or ~> 0.2", [hex: :cc_precompiler, repo: "hexpm", optional: false]}, {:elixir_make, "~> 0.7.3 or ~> 0.8", [hex: :elixir_make, repo: "hexpm", optional: false]}, {:kino, "~> 0.7", [hex: :kino, repo: "hexpm", optional: true]}], "hexpm", "dca58f654922fa678d5df8e028317483d9c0f8acb2e2714076a8468695687aa7"},
  "websock": {:hex, :websock, "0.5.3", "2f69a6ebe810328555b6fe5c831a851f485e303a7c8ce6c5f675abeb20ebdadc", [:mix], [], "hexpm", "6105453d7fac22c712ad66fab1d45abdf049868f253cf719b625151460b8b453"},
  "websock_adapter": {:hex, :websock_adapter, "0.5.9", "43dc3ba6d89ef5dec5b1d0a39698436a1e856d000d84bf31a3149862b01a287f", [:mix], [{:bandit, ">= 0.6.0", [hex: :bandit, repo: "hexpm", optional: true]}, {:plug, "~> 1.14", [hex: :plug, repo: "hexpm", optional: false]}, {:plug_cowboy, "~> 2.6", [hex: :plug_cowboy, repo: "hexpm", optional: true]}, {:websock, "~> 0.5", [hex: :websock, repo: "hexpm", optional: false]}], "hexpm", "5534d5c9adad3c18a0f58a9371220d75a803bf0b9a3d87e6fe072faaeed76a08"},
  "webtransport": {:hex, :webtransport, "0.4.4", "714180b340fbd30a7d666f3f593a612186ff1ba444566b3e8c9ce37fb2950638", [:rebar3], [{:h2, "~> 0.11.0", [hex: :h2, repo: "hexpm", optional: false]}, {:quic, "~> 1.8.0", [hex: :quic, repo: "hexpm", optional: false]}], "hexpm", "80a6641e0f6628938ceee4c9d7a4f6d48a6089890da1ae3288ca8dab13a6005e"},
  "yamerl": {:hex, :yamerl, "0.10.0", "4ff81fee2f1f6a46f1700c0d880b24d193ddb74bd14ef42cb0bcf46e81ef2f8e", [:rebar3], [], "hexpm", "346adb2963f1051dc837a2364e4acf6eb7d80097c0f53cbdc3046ec8ec4b4e6e"},
  "yaml_elixir": {:hex, :yaml_elixir, "2.12.2", "9dd1330fb4cd9a36a7b0f502e5b12486eff632792ee4a5f0eba52a4d4ec32c9c", [:mix], [{:yamerl, "~> 0.10", [hex: :yamerl, repo: "hexpm", optional: false]}], "hexpm", "e7c1b10122f973e6558462d51c39026ba0e14afbc6745318e990ea82cfe9e159"},
  "ymlr": {:hex, :ymlr, "5.1.6", "247479328fd5ea1e222ee59ecd5571ab2885cf1a6329aea458d4944cd035cfc1", [:mix], [], "hexpm", "b36d7c72384d2cb2094d2a3c8b0c3b12303e0ccd1b7b12333b81d75b1fe0b53a"},
}
